
Microsoft Visual Studio Solution File, Format Version 12.00
# Visual Studio Version 17
VisualStudioVersion = 17.10.35013.160
MinimumVisualStudioVersion = 10.0.40219.1
Project("{FAE04EC0-301F-11D3-BF4B-00C04F79EFBC}") = "ConsoleApp1", "ConsoleApp1\ConsoleApp1.csproj", "{894FCB28-7537-4F9C-8836-E1522288CACE}"
EndProject
Global
	GlobalSection(SolutionConfigurationPlatforms) = preSolution
		Debug|Any CPU = Debug|Any CPU
		Release|Any CPU = Release|Any CPU
	EndGlobalSection
	GlobalSection(ProjectConfigurationPlatforms) = postSolution
		{894FCB28-7537-4F9C-8836-E1522288CACE}.Debug|Any CPU.ActiveCfg = Debug|Any CPU
		{894FCB28-7537-4F9C-8836-E1522288CACE}.Debug|Any CPU.Build.0 = Debug|Any CPU
		{894FCB28-7537-4F9C-8836-E1522288CACE}.Release|Any CPU.ActiveCfg = Release|Any CPU
		{894FCB28-7537-4F9C-8836-E1522288CACE}.Release|Any CPU.Build.0 = Release|Any CPU
	EndGlobalSection
	GlobalSection(SolutionProperties) = preSolution
		HideSolutionNode = FALSE
	EndGlobalSection
	GlobalSection(ExtensibilityGlobals) = postSolution
		SolutionGuid = {D407B248-0F7E-4A76-862F-09C7F94DC69A}
	EndGlobalSection
EndGlobal
